
Microsoft Visual Studio Solution File, Format Version 12.00
# Visual Studio Version 17
VisualStudioVersion = 17.9.34723.18
MinimumVisualStudioVersion = 10.0.40219.1
Project("{FAE04EC0-301F-11D3-BF4B-00C04F79EFBC}") = "ApiNASA_DV", "ApiNASA_DV\ApiNASA_DV.csproj", "{7E2D2FCB-0DD3-4C97-ABCF-8F91FA4AF8D1}"
EndProject
Global
	GlobalSection(SolutionConfigurationPlatforms) = preSolution
		Debug|Any CPU = Debug|Any CPU
		Release|Any CPU = Release|Any CPU
	EndGlobalSection
	GlobalSection(ProjectConfigurationPlatforms) = postSolution
		{7E2D2FCB-0DD3-4C97-ABCF-8F91FA4AF8D1}.Debug|Any CPU.ActiveCfg = Debug|Any CPU
		{7E2D2FCB-0DD3-4C97-ABCF-8F91FA4AF8D1}.Debug|Any CPU.Build.0 = Debug|Any CPU
		{7E2D2FCB-0DD3-4C97-ABCF-8F91FA4AF8D1}.Debug|Any CPU.Deploy.0 = Debug|Any CPU
		{7E2D2FCB-0DD3-4C97-ABCF-8F91FA4AF8D1}.Release|Any CPU.ActiveCfg = Release|Any CPU
		{7E2D2FCB-0DD3-4C97-ABCF-8F91FA4AF8D1}.Release|Any CPU.Build.0 = Release|Any CPU
		{7E2D2FCB-0DD3-4C97-ABCF-8F91FA4AF8D1}.Release|Any CPU.Deploy.0 = Release|Any CPU
	EndGlobalSection
	GlobalSection(SolutionProperties) = preSolution
		HideSolutionNode = FALSE
	EndGlobalSection
	GlobalSection(ExtensibilityGlobals) = postSolution
		SolutionGuid = {BAF47243-0586-4131-A9F4-695B97AA95A6}
	EndGlobalSection
EndGlobal
